// !$*UTF8*$!
{
	archiveVersion = 1;
	classes = {
	};
	objectVersion = 46;
	objects = {

/* Begin PBXBuildFile section */
		6608A3871B56A1050037CD0F /* editRecipeView.swift in Sources */ = {isa = PBXBuildFile; fileRef = 6608A3861B56A1050037CD0F /* editRecipeView.swift */; };
		661082BA1B4EB66B004FD50C /* AppDelegate.swift in Sources */ = {isa = PBXBuildFile; fileRef = 661082B91B4EB66B004FD50C /* AppDelegate.swift */; };
		661082BD1B4EB66B004FD50C /* LensesReminder.xcdatamodeld in Sources */ = {isa = PBXBuildFile; fileRef = 661082BB1B4EB66B004FD50C /* LensesReminder.xcdatamodeld */; };
		661082BF1B4EB66B004FD50C /* ViewController.swift in Sources */ = {isa = PBXBuildFile; fileRef = 661082BE1B4EB66B004FD50C /* ViewController.swift */; };
		661082C41B4EB66B004FD50C /* Images.xcassets in Resources */ = {isa = PBXBuildFile; fileRef = 661082C31B4EB66B004FD50C /* Images.xcassets */; };
		661082C71B4EB66B004FD50C /* LaunchScreen.xib in Resources */ = {isa = PBXBuildFile; fileRef = 661082C51B4EB66B004FD50C /* LaunchScreen.xib */; };
		661082D31B4EB66B004FD50C /* LensesReminderTests.swift in Sources */ = {isa = PBXBuildFile; fileRef = 661082D21B4EB66B004FD50C /* LensesReminderTests.swift */; };
		661082DD1B4FA687004FD50C /* SetupRecipeView.swift in Sources */ = {isa = PBXBuildFile; fileRef = 661082DC1B4FA687004FD50C /* SetupRecipeView.swift */; };
		661082E51B4FAE9D004FD50C /* Main.storyboard in Resources */ = {isa = PBXBuildFile; fileRef = 661082E41B4FAE9D004FD50C /* Main.storyboard */; };
		66DE0B2C1B6668B700F27FEC /* DataPickerView.swift in Sources */ = {isa = PBXBuildFile; fileRef = 66DE0B2B1B6668B600F27FEC /* DataPickerView.swift */; };
		66DE0B2E1B68D14200F27FEC /* Date.swift in Sources */ = {isa = PBXBuildFile; fileRef = 66DE0B2D1B68D14200F27FEC /* Date.swift */; };
		66FE5FEF1B4FC615002F191F /* save.png in Resources */ = {isa = PBXBuildFile; fileRef = 66FE5FEE1B4FC615002F191F /* save.png */; };
		66FE5FF31B53E8B3002F191F /* ShowRecipeView.swift in Sources */ = {isa = PBXBuildFile; fileRef = 66FE5FF21B53E8B3002F191F /* ShowRecipeView.swift */; };
		66FE5FF51B550D67002F191F /* Lenses.swift in Sources */ = {isa = PBXBuildFile; fileRef = 66FE5FF41B550D67002F191F /* Lenses.swift */; };
/* End PBXBuildFile section */

/* Begin PBXContainerItemProxy section */
		661082CD1B4EB66B004FD50C /* PBXContainerItemProxy */ = {
			isa = PBXContainerItemProxy;
			containerPortal = 661082AC1B4EB66B004FD50C /* Project object */;
			proxyType = 1;
			remoteGlobalIDString = 661082B31B4EB66B004FD50C;
			remoteInfo = LensesReminder;
		};
/* End PBXContainerItemProxy section */

/* Begin PBXFileReference section */
		6608A3861B56A1050037CD0F /* editRecipeView.swift */ = {isa = PBXFileReference; fileEncoding = 4; lastKnownFileType = sourcecode.swift; path = editRecipeView.swift; sourceTree = "<group>"; };
		661082B41B4EB66B004FD50C /* LensesReminder.app */ = {isa = PBXFileReference; explicitFileType = wrapper.application; includeInIndex = 0; path = LensesReminder.app; sourceTree = BUILT_PRODUCTS_DIR; };
		661082B81B4EB66B004FD50C /* Info.plist */ = {isa = PBXFileReference; lastKnownFileType = text.plist.xml; path = Info.plist; sourceTree = "<group>"; };
		661082B91B4EB66B004FD50C /* AppDelegate.swift */ = {isa = PBXFileReference; lastKnownFileType = sourcecode.swift; path = AppDelegate.swift; sourceTree = "<group>"; };
		661082BC1B4EB66B004FD50C /* LensesReminder.xcdatamodel */ = {isa = PBXFileReference; lastKnownFileType = wrapper.xcdatamodel; path = LensesReminder.xcdatamodel; sourceTree = "<group>"; };
		661082BE1B4EB66B004FD50C /* ViewController.swift */ = {isa = PBXFileReference; lastKnownFileType = sourcecode.swift; path = ViewController.swift; sourceTree = "<group>"; };
		661082C31B4EB66B004FD50C /* Images.xcassets */ = {isa = PBXFileReference; lastKnownFileType = folder.assetcatalog; path = Images.xcassets; sourceTree = "<group>"; };
		661082C61B4EB66B004FD50C /* Base */ = {isa = PBXFileReference; lastKnownFileType = file.xib; name = Base; path = Base.lproj/LaunchScreen.xib; sourceTree = "<group>"; };
		661082CC1B4EB66B004FD50C /* LensesReminderTests.xctest */ = {isa = PBXFileReference; explicitFileType = wrapper.cfbundle; includeInIndex = 0; path = LensesReminderTests.xctest; sourceTree = BUILT_PRODUCTS_DIR; };
		661082D11B4EB66B004FD50C /* Info.plist */ = {isa = PBXFileReference; lastKnownFileType = text.plist.xml; path = Info.plist; sourceTree = "<group>"; };
		661082D21B4EB66B004FD50C /* LensesReminderTests.swift */ = {isa = PBXFileReference; lastKnownFileType = sourcecode.swift; path = LensesReminderTests.swift; sourceTree = "<group>"; };
		661082DC1B4FA687004FD50C /* SetupRecipeView.swift */ = {isa = PBXFileReference; fileEncoding = 4; lastKnownFileType = sourcecode.swift; path = SetupRecipeView.swift; sourceTree = "<group>"; };
		661082E41B4FAE9D004FD50C /* Main.storyboard */ = {isa = PBXFileReference; fileEncoding = 4; lastKnownFileType = file.storyboard; path = Main.storyboard; sourceTree = "<group>"; };
		66DE0B2B1B6668B600F27FEC /* DataPickerView.swift */ = {isa = PBXFileReference; fileEncoding = 4; lastKnownFileType = sourcecode.swift; path = DataPickerView.swift; sourceTree = "<group>"; };
		66DE0B2D1B68D14200F27FEC /* Date.swift */ = {isa = PBXFileReference; fileEncoding = 4; lastKnownFileType = sourcecode.swift; name = Date.swift; path = ../Date.swift; sourceTree = "<group>"; };
		66FE5FEE1B4FC615002F191F /* save.png */ = {isa = PBXFileReference; lastKnownFileType = image.png; path = save.png; sourceTree = "<group>"; };
		66FE5FF21B53E8B3002F191F /* ShowRecipeView.swift */ = {isa = PBXFileReference; fileEncoding = 4; lastKnownFileType = sourcecode.swift; path = ShowRecipeView.swift; sourceTree = "<group>"; };
		66FE5FF41B550D67002F191F /* Lenses.swift */ = {isa = PBXFileReference; fileEncoding = 4; lastKnownFileType = sourcecode.swift; name = Lenses.swift; path = ../Lenses.swift; sourceTree = "<group>"; };
/* End PBXFileReference section */

/* Begin PBXFrameworksBuildPhase section */
		661082B11B4EB66B004FD50C /* Frameworks */ = {
			isa = PBXFrameworksBuildPhase;
			buildActionMask = 2147483647;
			files = (
			);
			runOnlyForDeploymentPostprocessing = 0;
		};
		661082C91B4EB66B004FD50C /* Frameworks */ = {
			isa = PBXFrameworksBuildPhase;
			buildActionMask = 2147483647;
			files = (
			);
			runOnlyForDeploymentPostprocessing = 0;
		};
/* End PBXFrameworksBuildPhase section */

/* Begin PBXGroup section */
		661082AB1B4EB66B004FD50C = {
			isa = PBXGroup;
			children = (
				661082B61B4EB66B004FD50C /* LensesReminder */,
				661082CF1B4EB66B004FD50C /* LensesReminderTests */,
				661082B51B4EB66B004FD50C /* Products */,
			);
			sourceTree = "<group>";
		};
		661082B51B4EB66B004FD50C /* Products */ = {
			isa = PBXGroup;
			children = (
				661082B41B4EB66B004FD50C /* LensesReminder.app */,
				661082CC1B4EB66B004FD50C /* LensesReminderTests.xctest */,
			);
			name = Products;
			sourceTree = "<group>";
		};
		661082B61B4EB66B004FD50C /* LensesReminder */ = {
			isa = PBXGroup;
			children = (
				661082B91B4EB66B004FD50C /* AppDelegate.swift */,
				661082BE1B4EB66B004FD50C /* ViewController.swift */,
				661082DC1B4FA687004FD50C /* SetupRecipeView.swift */,
				66FE5FF21B53E8B3002F191F /* ShowRecipeView.swift */,
				6608A3861B56A1050037CD0F /* editRecipeView.swift */,
				66DE0B2B1B6668B600F27FEC /* DataPickerView.swift */,
				661082E41B4FAE9D004FD50C /* Main.storyboard */,
				661082C31B4EB66B004FD50C /* Images.xcassets */,
				661082C51B4EB66B004FD50C /* LaunchScreen.xib */,
				661082BB1B4EB66B004FD50C /* LensesReminder.xcdatamodeld */,
				66FE5FF41B550D67002F191F /* Lenses.swift */,
				66DE0B2D1B68D14200F27FEC /* Date.swift */,
				661082B71B4EB66B004FD50C /* Supporting Files */,
			);
			path = LensesReminder;
			sourceTree = "<group>";
		};
		661082B71B4EB66B004FD50C /* Supporting Files */ = {
			isa = PBXGroup;
			children = (
				66FE5FED1B4FC60A002F191F /* assets */,
				661082B81B4EB66B004FD50C /* Info.plist */,
			);
			name = "Supporting Files";
			sourceTree = "<group>";
		};
		661082CF1B4EB66B004FD50C /* LensesReminderTests */ = {
			isa = PBXGroup;
			children = (
				661082D21B4EB66B004FD50C /* LensesReminderTests.swift */,
				661082D01B4EB66B004FD50C /* Supporting Files */,
			);
			path = LensesReminderTests;
			sourceTree = "<group>";
		};
		661082D01B4EB66B004FD50C /* Supporting Files */ = {
			isa = PBXGroup;
			children = (
				661082D11B4EB66B004FD50C /* Info.plist */,
			);
			name = "Supporting Files";
			sourceTree = "<group>";
		};
		66FE5FED1B4FC60A002F191F /* assets */ = {
			isa = PBXGroup;
			children = (
				66FE5FEE1B4FC615002F191F /* save.png */,
			);
			name = assets;
			sourceTree = "<group>";
		};
/* End PBXGroup section */

/* Begin PBXNativeTarget section */
		661082B31B4EB66B004FD50C /* LensesReminder */ = {
			isa = PBXNativeTarget;
			buildConfigurationList = 661082D61B4EB66B004FD50C /* Build configuration list for PBXNativeTarget "LensesReminder" */;
			buildPhases = (
				661082B01B4EB66B004FD50C /* Sources */,
				661082B11B4EB66B004FD50C /* Frameworks */,
				661082B21B4EB66B004FD50C /* Resources */,
			);
			buildRules = (
			);
			dependencies = (
			);
			name = LensesReminder;
			productName = LensesReminder;
			productReference = 661082B41B4EB66B004FD50C /* LensesReminder.app */;
			productType = "com.apple.product-type.application";
		};
		661082CB1B4EB66B004FD50C /* LensesReminderTests */ = {
			isa = PBXNativeTarget;
			buildConfigurationList = 661082D91B4EB66B004FD50C /* Build configuration list for PBXNativeTarget "LensesReminderTests" */;
			buildPhases = (
				661082C81B4EB66B004FD50C /* Sources */,
				661082C91B4EB66B004FD50C /* Frameworks */,
				661082CA1B4EB66B004FD50C /* Resources */,
			);
			buildRules = (
			);
			dependencies = (
				661082CE1B4EB66B004FD50C /* PBXTargetDependency */,
			);
			name = LensesReminderTests;
			productName = LensesReminderTests;
			productReference = 661082CC1B4EB66B004FD50C /* LensesReminderTests.xctest */;
			productType = "com.apple.product-type.bundle.unit-test";
		};
/* End PBXNativeTarget section */

/* Begin PBXProject section */
		661082AC1B4EB66B004FD50C /* Project object */ = {
			isa = PBXProject;
			attributes = {
				LastUpgradeCheck = 0640;
				ORGANIZATIONNAME = "Nowak Adam";
				TargetAttributes = {
					661082B31B4EB66B004FD50C = {
						CreatedOnToolsVersion = 6.4;
					};
					661082CB1B4EB66B004FD50C = {
						CreatedOnToolsVersion = 6.4;
						TestTargetID = 661082B31B4EB66B004FD50C;
					};
				};
			};
			buildConfigurationList = 661082AF1B4EB66B004FD50C /* Build configuration list for PBXProject "LensesReminder" */;
			compatibilityVersion = "Xcode 3.2";
			developmentRegion = English;
			hasScannedForEncodings = 0;
			knownRegions = (
				en,
				Base,
			);
			mainGroup = 661082AB1B4EB66B004FD50C;
			productRefGroup = 661082B51B4EB66B004FD50C /* Products */;
			projectDirPath = "";
			projectRoot = "";
			targets = (
				661082B31B4EB66B004FD50C /* LensesReminder */,
				661082CB1B4EB66B004FD50C /* LensesReminderTests */,
			);
		};
/* End PBXProject section */

/* Begin PBXResourcesBuildPhase section */
		661082B21B4EB66B004FD50C /* Resources */ = {
			isa = PBXResourcesBuildPhase;
			buildActionMask = 2147483647;
			files = (
				661082C71B4EB66B004FD50C /* LaunchScreen.xib in Resources */,
				661082C41B4EB66B004FD50C /* Images.xcassets in Resources */,
				66FE5FEF1B4FC615002F191F /* save.png in Resources */,
				661082E51B4FAE9D004FD50C /* Main.storyboard in Resources */,
			);
			runOnlyForDeploymentPostprocessing = 0;
		};
		661082CA1B4EB66B004FD50C /* Resources */ = {
			isa = PBXResourcesBuildPhase;
			buildActionMask = 2147483647;
			files = (
			);
			runOnlyForDeploymentPostprocessing = 0;
		};
/* End PBXResourcesBuildPhase section */

/* Begin PBXSourcesBuildPhase section */
		661082B01B4EB66B004FD50C /* Sources */ = {
			isa = PBXSourcesBuildPhase;
			buildActionMask = 2147483647;
			files = (
				661082DD1B4FA687004FD50C /* SetupRecipeView.swift in Sources */,
				66FE5FF51B550D67002F191F /* Lenses.swift in Sources */,
				66DE0B2C1B6668B700F27FEC /* DataPickerView.swift in Sources */,
				6608A3871B56A1050037CD0F /* editRecipeView.swift in Sources */,
				66FE5FF31B53E8B3002F191F /* ShowRecipeView.swift in Sources */,
				661082BF1B4EB66B004FD50C /* ViewController.swift in Sources */,
				661082BA1B4EB66B004FD50C /* AppDelegate.swift in Sources */,
				66DE0B2E1B68D14200F27FEC /* Date.swift in Sources */,
				661082BD1B4EB66B004FD50C /* LensesReminder.xcdatamodeld in Sources */,
			);
			runOnlyForDeploymentPostprocessing = 0;
		};
		661082C81B4EB66B004FD50C /* Sources */ = {
			isa = PBXSourcesBuildPhase;
			buildActionMask = 2147483647;
			files = (
				661082D31B4EB66B004FD50C /* LensesReminderTests.swift in Sources */,
			);
			runOnlyForDeploymentPostprocessing = 0;
		};
/* End PBXSourcesBuildPhase section */

/* Begin PBXTargetDependency section */
		661082CE1B4EB66B004FD50C /* PBXTargetDependency */ = {
			isa = PBXTargetDependency;
			target = 661082B31B4EB66B004FD50C /* LensesReminder */;
			targetProxy = 661082CD1B4EB66B004FD50C /* PBXContainerItemProxy */;
		};
/* End PBXTargetDependency section */

/* Begin PBXVariantGroup section */
		661082C51B4EB66B004FD50C /* LaunchScreen.xib */ = {
			isa = PBXVariantGroup;
			children = (
				661082C61B4EB66B004FD50C /* Base */,
			);
			name = LaunchScreen.xib;
			sourceTree = "<group>";
		};
/* End PBXVariantGroup section */

/* Begin XCBuildConfiguration section */
		661082D41B4EB66B004FD50C /* Debug */ = {
			isa = XCBuildConfiguration;
			buildSettings = {
				ALWAYS_SEARCH_USER_PATHS = NO;
				CLANG_CXX_LANGUAGE_STANDARD = "gnu++0x";
				CLANG_CXX_LIBRARY = "libc++";
				CLANG_ENABLE_MODULES = YES;
				CLANG_ENABLE_OBJC_ARC = YES;
				CLANG_WARN_BOOL_CONVERSION = YES;
				CLANG_WARN_CONSTANT_CONVERSION = YES;
				CLANG_WARN_DIRECT_OBJC_ISA_USAGE = YES_ERROR;
				CLANG_WARN_EMPTY_BODY = YES;
				CLANG_WARN_ENUM_CONVERSION = YES;
				CLANG_WARN_INT_CONVERSION = YES;
				CLANG_WARN_OBJC_ROOT_CLASS = YES_ERROR;
				CLANG_WARN_UNREACHABLE_CODE = YES;
				CLANG_WARN__DUPLICATE_METHOD_MATCH = YES;
				CODE_SIGN_IDENTITY = "-";
				"CODE_SIGN_IDENTITY[sdk=iphoneos*]" = "-";
				COPY_PHASE_STRIP = NO;
				DEBUG_INFORMATION_FORMAT = "dwarf-with-dsym";
				ENABLE_STRICT_OBJC_MSGSEND = YES;
				GCC_C_LANGUAGE_STANDARD = gnu99;
				GCC_DYNAMIC_NO_PIC = NO;
				GCC_NO_COMMON_BLOCKS = YES;
				GCC_OPTIMIZATION_LEVEL = 0;
				GCC_PREPROCESSOR_DEFINITIONS = (
					"DEBUG=1",
					"$(inherited)",
				);
				GCC_SYMBOLS_PRIVATE_EXTERN = NO;
				GCC_WARN_64_TO_32_BIT_CONVERSION = YES;
				GCC_WARN_ABOUT_RETURN_TYPE = YES_ERROR;
				GCC_WARN_UNDECLARED_SELECTOR = YES;
				GCC_WARN_UNINITIALIZED_AUTOS = YES_AGGRESSIVE;
				GCC_WARN_UNUSED_FUNCTION = YES;
				GCC_WARN_UNUSED_VARIABLE = YES;
				IPHONEOS_DEPLOYMENT_TARGET = 8.4;
				MTL_ENABLE_DEBUG_INFO = YES;
				ONLY_ACTIVE_ARCH = YES;
				SDKROOT = iphoneos;
				SWIFT_OPTIMIZATION_LEVEL = "-Onone";
				TARGETED_DEVICE_FAMILY = "1,2";
			};
			name = Debug;
		};
		661082D51B4EB66B004FD50C /* Release */ = {
			isa = XCBuildConfiguration;
			buildSettings = {
				ALWAYS_SEARCH_USER_PATHS = NO;
				CLANG_CXX_LANGUAGE_STANDARD = "gnu++0x";
				CLANG_CXX_LIBRARY = "libc++";
				CLANG_ENABLE_MODULES = YES;
				CLANG_ENABLE_OBJC_ARC = YES;
				CLANG_WARN_BOOL_CONVERSION = YES;
				CLANG_WARN_CONSTANT_CONVERSION = YES;
				CLANG_WARN_DIRECT_OBJC_ISA_USAGE = YES_ERROR;
				CLANG_WARN_EMPTY_BODY = YES;
				CLANG_WARN_ENUM_CONVERSION = YES;
				CLANG_WARN_INT_CONVERSION = YES;
				CLANG_WARN_OBJC_ROOT_CLASS = YES_ERROR;
				CLANG_WARN_UNREACHABLE_CODE = YES;
				CLANG_WARN__DUPLICATE_METHOD_MATCH = YES;
				CODE_SIGN_IDENTITY = "-";
				"CODE_SIGN_IDENTITY[sdk=iphoneos*]" = "-";
				COPY_PHASE_STRIP = NO;
				DEBUG_INFORMATION_FORMAT = "dwarf-with-dsym";
				ENABLE_NS_ASSERTIONS = NO;
				ENABLE_STRICT_OBJC_MSGSEND = YES;
				GCC_C_LANGUAGE_STANDARD = gnu99;
				GCC_NO_COMMON_BLOCKS = YES;
				GCC_WARN_64_TO_32_BIT_CONVERSION = YES;
				GCC_WARN_ABOUT_RETURN_TYPE = YES_ERROR;
				GCC_WARN_UNDECLARED_SELECTOR = YES;
				GCC_WARN_UNINITIALIZED_AUTOS = YES_AGGRESSIVE;
				GCC_WARN_UNUSED_FUNCTION = YES;
				GCC_WARN_UNUSED_VARIABLE = YES;
				IPHONEOS_DEPLOYMENT_TARGET = 8.4;
				MTL_ENABLE_DEBUG_INFO = NO;
				SDKROOT = iphoneos;
				TARGETED_DEVICE_FAMILY = "1,2";
				VALIDATE_PRODUCT = YES;
			};
			name = Release;
		};
		661082D71B4EB66B004FD50C /* Debug */ = {
			isa = XCBuildConfiguration;
			buildSettings = {
				ASSETCATALOG_COMPILER_APPICON_NAME = AppIcon;
				CODE_SIGN_IDENTITY = "-";
				INFOPLIST_FILE = LensesReminder/Info.plist;
				IPHONEOS_DEPLOYMENT_TARGET = 7.1;
				LD_RUNPATH_SEARCH_PATHS = "$(inherited) @executable_path/Frameworks";
				PRODUCT_NAME = "$(TARGET_NAME)";
			};
			name = Debug;
		};
		661082D81B4EB66B004FD50C /* Release */ = {
			isa = XCBuildConfiguration;
			buildSettings = {
				ASSETCATALOG_COMPILER_APPICON_NAME = AppIcon;
				CODE_SIGN_IDENTITY = "-";
				INFOPLIST_FILE = LensesReminder/Info.plist;
				IPHONEOS_DEPLOYMENT_TARGET = 7.1;
				LD_RUNPATH_SEARCH_PATHS = "$(inherited) @executable_path/Frameworks";
				PRODUCT_NAME = "$(TARGET_NAME)";
			};
			name = Release;
		};
		661082DA1B4EB66B004FD50C /* Debug */ = {
			isa = XCBuildConfiguration;
			buildSettings = {
				BUNDLE_LOADER = "$(TEST_HOST)";
				FRAMEWORK_SEARCH_PATHS = (
					"$(SDKROOT)/Developer/Library/Frameworks",
					"$(inherited)",
				);
				GCC_PREPROCESSOR_DEFINITIONS = (
					"DEBUG=1",
					"$(inherited)",
				);
				INFOPLIST_FILE = LensesReminderTests/Info.plist;
				LD_RUNPATH_SEARCH_PATHS = "$(inherited) @executable_path/Frameworks @loader_path/Frameworks";
				PRODUCT_NAME = "$(TARGET_NAME)";
				TEST_HOST = "$(BUILT_PRODUCTS_DIR)/LensesReminder.app/LensesReminder";
			};
			name = Debug;
		};
		661082DB1B4EB66B004FD50C /* Release */ = {
			isa = XCBuildConfiguration;
			buildSettings = {
				BUNDLE_LOADER = "$(TEST_HOST)";
				FRAMEWORK_SEARCH_PATHS = (
					"$(SDKROOT)/Developer/Library/Frameworks",
					"$(inherited)",
				);
				INFOPLIST_FILE = LensesReminderTests/Info.plist;
				LD_RUNPATH_SEARCH_PATHS = "$(inherited) @executable_path/Frameworks @loader_path/Frameworks";
				PRODUCT_NAME = "$(TARGET_NAME)";
				TEST_HOST = "$(BUILT_PRODUCTS_DIR)/LensesReminder.app/LensesReminder";
			};
			name = Release;
		};
/* End XCBuildConfiguration section */

/* Begin XCConfigurationList section */
		661082AF1B4EB66B004FD50C /* Build configuration list for PBXProject "LensesReminder" */ = {
			isa = XCConfigurationList;
			buildConfigurations = (
				661082D41B4EB66B004FD50C /* Debug */,
				661082D51B4EB66B004FD50C /* Release */,
			);
			defaultConfigurationIsVisible = 0;
			defaultConfigurationName = Release;
		};
		661082D61B4EB66B004FD50C /* Build configuration list for PBXNativeTarget "LensesReminder" */ = {
			isa = XCConfigurationList;
			buildConfigurations = (
				661082D71B4EB66B004FD50C /* Debug */,
				661082D81B4EB66B004FD50C /* Release */,
			);
			defaultConfigurationIsVisible = 0;
			defaultConfigurationName = Release;
		};
		661082D91B4EB66B004FD50C /* Build configuration list for PBXNativeTarget "LensesReminderTests" */ = {
			isa = XCConfigurationList;
			buildConfigurations = (
				661082DA1B4EB66B004FD50C /* Debug */,
				661082DB1B4EB66B004FD50C /* Release */,
			);
			defaultConfigurationIsVisible = 0;
			defaultConfigurationName = Release;
		};
/* End XCConfigurationList section */

/* Begin XCVersionGroup section */
		661082BB1B4EB66B004FD50C /* LensesReminder.xcdatamodeld */ = {
			isa = XCVersionGroup;
			children = (
				661082BC1B4EB66B004FD50C /* LensesReminder.xcdatamodel */,
			);
			currentVersion = 661082BC1B4EB66B004FD50C /* LensesReminder.xcdatamodel */;
			path = LensesReminder.xcdatamodeld;
			sourceTree = "<group>";
			versionGroupType = wrapper.xcdatamodel;
		};
/* End XCVersionGroup section */
	};
	rootObject = 661082AC1B4EB66B004FD50C /* Project object */;
}
